
Microsoft Visual Studio Solution File, Format Version 12.00
# Visual Studio Version 17
VisualStudioVersion = 17.9.34902.65
MinimumVisualStudioVersion = 10.0.40219.1
Project("{FAE04EC0-301F-11D3-BF4B-00C04F79EFBC}") = "Bookapi", "Bookapi\Bookapi.csproj", "{F7FDDB86-85A1-43A5-BB46-0A2262DE403C}"
EndProject
Global
	GlobalSection(SolutionConfigurationPlatforms) = preSolution
		Debug|Any CPU = Debug|Any CPU
		Release|Any CPU = Release|Any CPU
	EndGlobalSection
	GlobalSection(ProjectConfigurationPlatforms) = postSolution
		{F7FDDB86-85A1-43A5-BB46-0A2262DE403C}.Debug|Any CPU.ActiveCfg = Debug|Any CPU
		{F7FDDB86-85A1-43A5-BB46-0A2262DE403C}.Debug|Any CPU.Build.0 = Debug|Any CPU
		{F7FDDB86-85A1-43A5-BB46-0A2262DE403C}.Release|Any CPU.ActiveCfg = Release|Any CPU
		{F7FDDB86-85A1-43A5-BB46-0A2262DE403C}.Release|Any CPU.Build.0 = Release|Any CPU
	EndGlobalSection
	GlobalSection(SolutionProperties) = preSolution
		HideSolutionNode = FALSE
	EndGlobalSection
	GlobalSection(ExtensibilityGlobals) = postSolution
		SolutionGuid = {50E3E4A6-8920-4423-9C42-02403EF02792}
	EndGlobalSection
EndGlobal
